
Microsoft Visual Studio Solution File, Format Version 12.00
# Visual Studio Version 17
VisualStudioVersion = 17.13.35931.197 d17.13
MinimumVisualStudioVersion = 10.0.40219.1
Project("{8BC9CEB8-8B4A-11D0-8D11-00A0C91BC942}") = "CaesarCipher", "CaesarCipher.vcxproj", "{B0AA8D07-E55F-4F40-99F3-DB148DCCB820}"
EndProject
Global
	GlobalSection(SolutionConfigurationPlatforms) = preSolution
		Debug|x64 = Debug|x64
		Debug|x86 = Debug|x86
		Release|x64 = Release|x64
		Release|x86 = Release|x86
	EndGlobalSection
	GlobalSection(ProjectConfigurationPlatforms) = postSolution
		{B0AA8D07-E55F-4F40-99F3-DB148DCCB820}.Debug|x64.ActiveCfg = Debug|x64
		{B0AA8D07-E55F-4F40-99F3-DB148DCCB820}.Debug|x64.Build.0 = Debug|x64
		{B0AA8D07-E55F-4F40-99F3-DB148DCCB820}.Debug|x86.ActiveCfg = Debug|Win32
		{B0AA8D07-E55F-4F40-99F3-DB148DCCB820}.Debug|x86.Build.0 = Debug|Win32
		{B0AA8D07-E55F-4F40-99F3-DB148DCCB820}.Release|x64.ActiveCfg = Release|x64
		{B0AA8D07-E55F-4F40-99F3-DB148DCCB820}.Release|x64.Build.0 = Release|x64
		{B0AA8D07-E55F-4F40-99F3-DB148DCCB820}.Release|x86.ActiveCfg = Release|Win32
		{B0AA8D07-E55F-4F40-99F3-DB148DCCB820}.Release|x86.Build.0 = Release|Win32
	EndGlobalSection
	GlobalSection(SolutionProperties) = preSolution
		HideSolutionNode = FALSE
	EndGlobalSection
	GlobalSection(ExtensibilityGlobals) = postSolution
		SolutionGuid = {14399020-F679-48A7-9F31-1889471A7236}
	EndGlobalSection
EndGlobal
